
Microsoft Visual Studio Solution File, Format Version 12.00
# Visual Studio Version 17
VisualStudioVersion = 17.12.35527.113
MinimumVisualStudioVersion = 10.0.40219.1
Project("{FAE04EC0-301F-11D3-BF4B-00C04F79EFBC}") = "DataLayer", "Servicelayer\DataLayer.csproj", "{3EAFD36B-001D-45FC-A110-B3562AD7E99A}"
EndProject
Project("{FAE04EC0-301F-11D3-BF4B-00C04F79EFBC}") = "WebApi", "WebApi\WebApi.csproj", "{0FD1A2CB-02F9-42EB-945D-848B0CCCEF24}"
EndProject
Project("{FAE04EC0-301F-11D3-BF4B-00C04F79EFBC}") = "DesktopApp", "DesktopApp\DesktopApp.csproj", "{0F662138-FC1A-4F55-8F87-D7B836F82488}"
EndProject
Global
	GlobalSection(SolutionConfigurationPlatforms) = preSolution
		Debug|Any CPU = Debug|Any CPU
		Release|Any CPU = Release|Any CPU
	EndGlobalSection
	GlobalSection(ProjectConfigurationPlatforms) = postSolution
		{3EAFD36B-001D-45FC-A110-B3562AD7E99A}.Debug|Any CPU.ActiveCfg = Debug|Any CPU
		{3EAFD36B-001D-45FC-A110-B3562AD7E99A}.Debug|Any CPU.Build.0 = Debug|Any CPU
		{3EAFD36B-001D-45FC-A110-B3562AD7E99A}.Release|Any CPU.ActiveCfg = Release|Any CPU
		{3EAFD36B-001D-45FC-A110-B3562AD7E99A}.Release|Any CPU.Build.0 = Release|Any CPU
		{0FD1A2CB-02F9-42EB-945D-848B0CCCEF24}.Debug|Any CPU.ActiveCfg = Debug|Any CPU
		{0FD1A2CB-02F9-42EB-945D-848B0CCCEF24}.Debug|Any CPU.Build.0 = Debug|Any CPU
		{0FD1A2CB-02F9-42EB-945D-848B0CCCEF24}.Release|Any CPU.ActiveCfg = Release|Any CPU
		{0FD1A2CB-02F9-42EB-945D-848B0CCCEF24}.Release|Any CPU.Build.0 = Release|Any CPU
		{0F662138-FC1A-4F55-8F87-D7B836F82488}.Debug|Any CPU.ActiveCfg = Debug|Any CPU
		{0F662138-FC1A-4F55-8F87-D7B836F82488}.Debug|Any CPU.Build.0 = Debug|Any CPU
		{0F662138-FC1A-4F55-8F87-D7B836F82488}.Release|Any CPU.ActiveCfg = Release|Any CPU
		{0F662138-FC1A-4F55-8F87-D7B836F82488}.Release|Any CPU.Build.0 = Release|Any CPU
	EndGlobalSection
	GlobalSection(SolutionProperties) = preSolution
		HideSolutionNode = FALSE
	EndGlobalSection
EndGlobal
